
Microsoft Visual Studio Solution File, Format Version 12.00
# Visual Studio Version 16
VisualStudioVersion = 16.0.33214.272
MinimumVisualStudioVersion = 10.0.40219.1
Project("{FAE04EC0-301F-11D3-BF4B-00C04F79EFBC}") = "Mission04_lyh22", "Mission04_lyh22\Mission04_lyh22.csproj", "{8862307A-46BB-4C45-80BC-1E36E946F96F}"
EndProject
Global
	GlobalSection(SolutionConfigurationPlatforms) = preSolution
		Debug|Any CPU = Debug|Any CPU
		Release|Any CPU = Release|Any CPU
	EndGlobalSection
	GlobalSection(ProjectConfigurationPlatforms) = postSolution
		{8862307A-46BB-4C45-80BC-1E36E946F96F}.Debug|Any CPU.ActiveCfg = Debug|Any CPU
		{8862307A-46BB-4C45-80BC-1E36E946F96F}.Debug|Any CPU.Build.0 = Debug|Any CPU
		{8862307A-46BB-4C45-80BC-1E36E946F96F}.Release|Any CPU.ActiveCfg = Release|Any CPU
		{8862307A-46BB-4C45-80BC-1E36E946F96F}.Release|Any CPU.Build.0 = Release|Any CPU
	EndGlobalSection
	GlobalSection(SolutionProperties) = preSolution
		HideSolutionNode = FALSE
	EndGlobalSection
	GlobalSection(ExtensibilityGlobals) = postSolution
		SolutionGuid = {8CA2589F-A55C-488D-9EEA-E0932F8BCB0A}
	EndGlobalSection
EndGlobal
